
Microsoft Visual Studio Solution File, Format Version 12.00
# Visual Studio 2017
Project("{FAE04EC0-301F-11D3-BF4B-00C04F79EFBC}") = "Virtual Shopping", "Virtual Shopping.csproj", "{030E8A5E-6DB1-42AC-3756-542CD33CF456}"
EndProject
Project("{FAE04EC0-301F-11D3-BF4B-00C04F79EFBC}") = "Virtual Shopping.Editor", "Virtual Shopping.Editor.csproj", "{110C76B5-1D4B-22C8-7ADE-FB8615DF7532}"
EndProject
Global
	GlobalSection(SolutionConfigurationPlatforms) = preSolution
		Debug|Any CPU = Debug|Any CPU
		Release|Any CPU = Release|Any CPU
	EndGlobalSection
	GlobalSection(ProjectConfigurationPlatforms) = postSolution
		{030E8A5E-6DB1-42AC-3756-542CD33CF456}.Debug|Any CPU.ActiveCfg = Debug|Any CPU
		{030E8A5E-6DB1-42AC-3756-542CD33CF456}.Debug|Any CPU.Build.0 = Debug|Any CPU
		{030E8A5E-6DB1-42AC-3756-542CD33CF456}.Release|Any CPU.ActiveCfg = Release|Any CPU
		{030E8A5E-6DB1-42AC-3756-542CD33CF456}.Release|Any CPU.Build.0 = Release|Any CPU
		{110C76B5-1D4B-22C8-7ADE-FB8615DF7532}.Debug|Any CPU.ActiveCfg = Debug|Any CPU
		{110C76B5-1D4B-22C8-7ADE-FB8615DF7532}.Debug|Any CPU.Build.0 = Debug|Any CPU
		{110C76B5-1D4B-22C8-7ADE-FB8615DF7532}.Release|Any CPU.ActiveCfg = Release|Any CPU
		{110C76B5-1D4B-22C8-7ADE-FB8615DF7532}.Release|Any CPU.Build.0 = Release|Any CPU
	EndGlobalSection
	GlobalSection(SolutionProperties) = preSolution
		HideSolutionNode = FALSE
	EndGlobalSection
EndGlobal
